// !$*UTF8*$!
{
	archiveVersion = 1;
	classes = {
	};
	objectVersion = 46;
	objects = {

/* Begin PBXBuildFile section */
		0B02393048F0BFF96D8227DF /* Pods_bitHockey.framework in Frameworks */ = {isa = PBXBuildFile; fileRef = 67D01D20EE23917EA1BD5416 /* Pods_bitHockey.framework */; };
		25B55C5E365D80F1B94FFEF2 /* Pods_bitHockey_Touch.framework in Frameworks */ = {isa = PBXBuildFile; fileRef = 3973D7B2903160416924C73A /* Pods_bitHockey_Touch.framework */; };
		B81A7C5E1EC0F20F0018D737 /* MenuViewController.swift in Sources */ = {isa = PBXBuildFile; fileRef = B81A7C5C1EC0F20F0018D737 /* MenuViewController.swift */; };
		B81A7C611EC1F2000018D737 /* ControlsView.swift in Sources */ = {isa = PBXBuildFile; fileRef = B81A7C5F1EC1F2000018D737 /* ControlsView.swift */; };
		B81A7C631EC235390018D737 /* Rubik-Regular.ttf in Resources */ = {isa = PBXBuildFile; fileRef = B81A7C621EC235390018D737 /* Rubik-Regular.ttf */; };
		B81A7C641EC235390018D737 /* Rubik-Regular.ttf in Resources */ = {isa = PBXBuildFile; fileRef = B81A7C621EC235390018D737 /* Rubik-Regular.ttf */; };
		B81A7C6A1EC35ADC0018D737 /* MenuTouchBar.swift in Sources */ = {isa = PBXBuildFile; fileRef = B81A7C681EC35ADC0018D737 /* MenuTouchBar.swift */; };
		B81A7C6D1EC35FA30018D737 /* WindowController.swift in Sources */ = {isa = PBXBuildFile; fileRef = B81A7C6B1EC35FA30018D737 /* WindowController.swift */; };
		B81A7C701EC79E2D0018D737 /* LoadingTouchBar.swift in Sources */ = {isa = PBXBuildFile; fileRef = B81A7C6E1EC79E2D0018D737 /* LoadingTouchBar.swift */; };
		B83D0A7F1E86D1AC0036E5BD /* UserComponent.swift in Sources */ = {isa = PBXBuildFile; fileRef = B83D0A7E1E86D1AC0036E5BD /* UserComponent.swift */; };
		B86E7B8D1F714F4D00C487FA /* PauseMenuViewController.swift in Sources */ = {isa = PBXBuildFile; fileRef = B86E7B8C1F714F4D00C487FA /* PauseMenuViewController.swift */; };
		B87F213A1F6EC35D00B956F6 /* HomeViewController.swift in Sources */ = {isa = PBXBuildFile; fileRef = B87F21391F6EC35D00B956F6 /* HomeViewController.swift */; };
		B89F57221F71F2D00087A1F9 /* ControlsViewController.swift in Sources */ = {isa = PBXBuildFile; fileRef = B89F57211F71F2D00087A1F9 /* ControlsViewController.swift */; };
		B89F57251F71F6DE0087A1F9 /* Haptics.swift in Sources */ = {isa = PBXBuildFile; fileRef = B89F57241F71F6DE0087A1F9 /* Haptics.swift */; };
		B8AB0B8F1E92EE8800B4C356 /* BehaviorType.swift in Sources */ = {isa = PBXBuildFile; fileRef = B8E0328B1E92EB91004F718E /* BehaviorType.swift */; };
		B8AB0B901E92EE8800B4C356 /* MoveComponent.swift in Sources */ = {isa = PBXBuildFile; fileRef = B8E0328C1E92EB91004F718E /* MoveComponent.swift */; };
		B8AB0B911E92EE8800B4C356 /* NetComponent.swift in Sources */ = {isa = PBXBuildFile; fileRef = B8E0328D1E92EB91004F718E /* NetComponent.swift */; };
		B8AB0B921E92EE8800B4C356 /* PlayerComponent.swift in Sources */ = {isa = PBXBuildFile; fileRef = B8E0328E1E92EB91004F718E /* PlayerComponent.swift */; };
		B8AB0B931E92EE8800B4C356 /* PuckComponent.swift in Sources */ = {isa = PBXBuildFile; fileRef = B8E0328F1E92EB91004F718E /* PuckComponent.swift */; };
		B8AB0B941E92EE8800B4C356 /* UserComponent.swift in Sources */ = {isa = PBXBuildFile; fileRef = B8E032901E92EB91004F718E /* UserComponent.swift */; };
		B8AB0B951E92EE8800B4C356 /* Net.swift in Sources */ = {isa = PBXBuildFile; fileRef = B8E032921E92EB91004F718E /* Net.swift */; };
		B8AB0B961E92EE8800B4C356 /* Player.swift in Sources */ = {isa = PBXBuildFile; fileRef = B8E032931E92EB91004F718E /* Player.swift */; };
		B8AB0B971E92EE8800B4C356 /* Puck.swift in Sources */ = {isa = PBXBuildFile; fileRef = B8E032941E92EB91004F718E /* Puck.swift */; };
		B8AB0B981E92EE8800B4C356 /* GameView.swift in Sources */ = {isa = PBXBuildFile; fileRef = B8E032951E92EB91004F718E /* GameView.swift */; };
		B8AB0B991E92EE8800B4C356 /* GoalPresentation.swift in Sources */ = {isa = PBXBuildFile; fileRef = B8E032961E92EB91004F718E /* GoalPresentation.swift */; };
		B8AB0B9A1E92EE8800B4C356 /* PlayerTextures.swift in Sources */ = {isa = PBXBuildFile; fileRef = B8E032981E92EB91004F718E /* PlayerTextures.swift */; };
		B8AB0B9C1E92EE8800B4C356 /* Rink.swift in Sources */ = {isa = PBXBuildFile; fileRef = B8E0329A1E92EB91004F718E /* Rink.swift */; };
		B8AB0B9D1E92EE8800B4C356 /* Score.swift in Sources */ = {isa = PBXBuildFile; fileRef = B8E0329B1E92EB91004F718E /* Score.swift */; };
		B8AB0B9E1E92EE8800B4C356 /* Scoreboard.swift in Sources */ = {isa = PBXBuildFile; fileRef = B8E0329C1E92EB91004F718E /* Scoreboard.swift */; };
		B8AB0BA01E92F8C600B4C356 /* Assets.xcassets in Resources */ = {isa = PBXBuildFile; fileRef = B8D5B91F1E7D8D6500D303E4 /* Assets.xcassets */; };
		B8D5B9131E7D8D6500D303E4 /* AppDelegate.swift in Sources */ = {isa = PBXBuildFile; fileRef = B8D5B9121E7D8D6500D303E4 /* AppDelegate.swift */; };
		B8D5B91B1E7D8D6500D303E4 /* GameViewController.swift in Sources */ = {isa = PBXBuildFile; fileRef = B8D5B91A1E7D8D6500D303E4 /* GameViewController.swift */; };
		B8D5B91E1E7D8D6500D303E4 /* Main.storyboard in Resources */ = {isa = PBXBuildFile; fileRef = B8D5B91C1E7D8D6500D303E4 /* Main.storyboard */; };
		B8D5B9201E7D8D6500D303E4 /* Assets.xcassets in Resources */ = {isa = PBXBuildFile; fileRef = B8D5B91F1E7D8D6500D303E4 /* Assets.xcassets */; };
		B8D5B9231E7D8D6500D303E4 /* LaunchScreen.storyboard in Resources */ = {isa = PBXBuildFile; fileRef = B8D5B9211E7D8D6500D303E4 /* LaunchScreen.storyboard */; };
		B8D5B9511E7D8DF800D303E4 /* SwitchPlayerButton.swift in Sources */ = {isa = PBXBuildFile; fileRef = B8D5B9491E7D8DF800D303E4 /* SwitchPlayerButton.swift */; };
		B8D5B9521E7D8DF800D303E4 /* Joystick.swift in Sources */ = {isa = PBXBuildFile; fileRef = B8D5B94A1E7D8DF800D303E4 /* Joystick.swift */; };
		B8D5B9591E7D8E7400D303E4 /* puckHitBoards.m4a in Resources */ = {isa = PBXBuildFile; fileRef = B8D5B9581E7D8E7400D303E4 /* puckHitBoards.m4a */; };
		B8DB05331E93D52D000FFFF4 /* GameOverPresentation.swift in Sources */ = {isa = PBXBuildFile; fileRef = B8DB05321E93D52D000FFFF4 /* GameOverPresentation.swift */; };
		B8E032751E92EB53004F718E /* AppDelegate.swift in Sources */ = {isa = PBXBuildFile; fileRef = B8E032741E92EB53004F718E /* AppDelegate.swift */; };
		B8E0327D1E92EB53004F718E /* ViewController.swift in Sources */ = {isa = PBXBuildFile; fileRef = B8E0327C1E92EB53004F718E /* ViewController.swift */; };
		B8E032821E92EB54004F718E /* Main.storyboard in Resources */ = {isa = PBXBuildFile; fileRef = B8E032801E92EB54004F718E /* Main.storyboard */; };
		B8E0329D1E92EB91004F718E /* BehaviorType.swift in Sources */ = {isa = PBXBuildFile; fileRef = B8E0328B1E92EB91004F718E /* BehaviorType.swift */; };
		B8E0329E1E92EB91004F718E /* MoveComponent.swift in Sources */ = {isa = PBXBuildFile; fileRef = B8E0328C1E92EB91004F718E /* MoveComponent.swift */; };
		B8E0329F1E92EB91004F718E /* NetComponent.swift in Sources */ = {isa = PBXBuildFile; fileRef = B8E0328D1E92EB91004F718E /* NetComponent.swift */; };
		B8E032A01E92EB91004F718E /* PlayerComponent.swift in Sources */ = {isa = PBXBuildFile; fileRef = B8E0328E1E92EB91004F718E /* PlayerComponent.swift */; };
		B8E032A11E92EB91004F718E /* PuckComponent.swift in Sources */ = {isa = PBXBuildFile; fileRef = B8E0328F1E92EB91004F718E /* PuckComponent.swift */; };
		B8E032A31E92EB91004F718E /* Net.swift in Sources */ = {isa = PBXBuildFile; fileRef = B8E032921E92EB91004F718E /* Net.swift */; };
		B8E032A41E92EB91004F718E /* Player.swift in Sources */ = {isa = PBXBuildFile; fileRef = B8E032931E92EB91004F718E /* Player.swift */; };
		B8E032A51E92EB91004F718E /* Puck.swift in Sources */ = {isa = PBXBuildFile; fileRef = B8E032941E92EB91004F718E /* Puck.swift */; };
		B8E032A61E92EB91004F718E /* GameView.swift in Sources */ = {isa = PBXBuildFile; fileRef = B8E032951E92EB91004F718E /* GameView.swift */; };
		B8E032A71E92EB91004F718E /* GoalPresentation.swift in Sources */ = {isa = PBXBuildFile; fileRef = B8E032961E92EB91004F718E /* GoalPresentation.swift */; };
		B8E032A81E92EB91004F718E /* PlayerTextures.swift in Sources */ = {isa = PBXBuildFile; fileRef = B8E032981E92EB91004F718E /* PlayerTextures.swift */; };
		B8E032A91E92EB91004F718E /* SoundEffectPlayer.swift in Sources */ = {isa = PBXBuildFile; fileRef = B8E032991E92EB91004F718E /* SoundEffectPlayer.swift */; };
		B8E032AA1E92EB91004F718E /* Rink.swift in Sources */ = {isa = PBXBuildFile; fileRef = B8E0329A1E92EB91004F718E /* Rink.swift */; };
		B8E032AB1E92EB91004F718E /* Score.swift in Sources */ = {isa = PBXBuildFile; fileRef = B8E0329B1E92EB91004F718E /* Score.swift */; };
		B8E032AC1E92EB91004F718E /* Scoreboard.swift in Sources */ = {isa = PBXBuildFile; fileRef = B8E0329C1E92EB91004F718E /* Scoreboard.swift */; };
		B8F585C91F5214C100FCF981 /* Info.plist in Resources */ = {isa = PBXBuildFile; fileRef = B8D5B9241E7D8D6500D303E4 /* Info.plist */; };
		B8F585CA1F5214C900FCF981 /* Info.plist in Resources */ = {isa = PBXBuildFile; fileRef = B8E032831E92EB54004F718E /* Info.plist */; };
		B8F585CB1F52157A00FCF981 /* krunch_italic.ttf in Resources */ = {isa = PBXBuildFile; fileRef = B8F585C61F5212D900FCF981 /* krunch_italic.ttf */; };
		B8F585CC1F52157A00FCF981 /* krunch_bold.ttf in Resources */ = {isa = PBXBuildFile; fileRef = B8F585C71F5212D900FCF981 /* krunch_bold.ttf */; };
		B8F585CD1F52157A00FCF981 /* krunch_italic.ttf in Resources */ = {isa = PBXBuildFile; fileRef = B8F585C61F5212D900FCF981 /* krunch_italic.ttf */; };
		B8F585CE1F52157A00FCF981 /* krunch_bold.ttf in Resources */ = {isa = PBXBuildFile; fileRef = B8F585C71F5212D900FCF981 /* krunch_bold.ttf */; };
/* End PBXBuildFile section */

/* Begin PBXFileReference section */
		03902A571D70F1C30A6BE4AD /* Pods_Hockey_Game__macOS_.framework */ = {isa = PBXFileReference; explicitFileType = wrapper.framework; includeInIndex = 0; path = Pods_Hockey_Game__macOS_.framework; sourceTree = BUILT_PRODUCTS_DIR; };
		06784FF0AEA17A79AAEBDC61 /* Pods-bitHockey Touch.debug.xcconfig */ = {isa = PBXFileReference; includeInIndex = 1; lastKnownFileType = text.xcconfig; name = "Pods-bitHockey Touch.debug.xcconfig"; path = "Pods/Target Support Files/Pods-bitHockey Touch/Pods-bitHockey Touch.debug.xcconfig"; sourceTree = "<group>"; };
		3130AA2B081CF1B826D178C8 /* Pods_Hockey_Game__iOS_.framework */ = {isa = PBXFileReference; explicitFileType = wrapper.framework; includeInIndex = 0; path = Pods_Hockey_Game__iOS_.framework; sourceTree = BUILT_PRODUCTS_DIR; };
		3973D7B2903160416924C73A /* Pods_bitHockey_Touch.framework */ = {isa = PBXFileReference; explicitFileType = wrapper.framework; includeInIndex = 0; path = Pods_bitHockey_Touch.framework; sourceTree = BUILT_PRODUCTS_DIR; };
		44CDCE10F61839979BDE8756 /* Pods-bitHockey.debug.xcconfig */ = {isa = PBXFileReference; includeInIndex = 1; lastKnownFileType = text.xcconfig; name = "Pods-bitHockey.debug.xcconfig"; path = "Pods/Target Support Files/Pods-bitHockey/Pods-bitHockey.debug.xcconfig"; sourceTree = "<group>"; };
		67D01D20EE23917EA1BD5416 /* Pods_bitHockey.framework */ = {isa = PBXFileReference; explicitFileType = wrapper.framework; includeInIndex = 0; path = Pods_bitHockey.framework; sourceTree = BUILT_PRODUCTS_DIR; };
		B81A7C5C1EC0F20F0018D737 /* MenuViewController.swift */ = {isa = PBXFileReference; fileEncoding = 4; lastKnownFileType = sourcecode.swift; path = MenuViewController.swift; sourceTree = "<group>"; };
		B81A7C5F1EC1F2000018D737 /* ControlsView.swift */ = {isa = PBXFileReference; fileEncoding = 4; lastKnownFileType = sourcecode.swift; path = ControlsView.swift; sourceTree = "<group>"; };
		B81A7C621EC235390018D737 /* Rubik-Regular.ttf */ = {isa = PBXFileReference; lastKnownFileType = file; path = "Rubik-Regular.ttf"; sourceTree = "<group>"; };
		B81A7C681EC35ADC0018D737 /* MenuTouchBar.swift */ = {isa = PBXFileReference; fileEncoding = 4; lastKnownFileType = sourcecode.swift; path = MenuTouchBar.swift; sourceTree = "<group>"; };
		B81A7C6B1EC35FA30018D737 /* WindowController.swift */ = {isa = PBXFileReference; fileEncoding = 4; lastKnownFileType = sourcecode.swift; path = WindowController.swift; sourceTree = "<group>"; };
		B81A7C6E1EC79E2D0018D737 /* LoadingTouchBar.swift */ = {isa = PBXFileReference; fileEncoding = 4; lastKnownFileType = sourcecode.swift; path = LoadingTouchBar.swift; sourceTree = "<group>"; };
		B83D0A7E1E86D1AC0036E5BD /* UserComponent.swift */ = {isa = PBXFileReference; fileEncoding = 4; lastKnownFileType = sourcecode.swift; path = UserComponent.swift; sourceTree = "<group>"; };
		B86E7B8C1F714F4D00C487FA /* PauseMenuViewController.swift */ = {isa = PBXFileReference; lastKnownFileType = sourcecode.swift; path = PauseMenuViewController.swift; sourceTree = "<group>"; };
		B87F21391F6EC35D00B956F6 /* HomeViewController.swift */ = {isa = PBXFileReference; lastKnownFileType = sourcecode.swift; path = HomeViewController.swift; sourceTree = "<group>"; };
		B89F57211F71F2D00087A1F9 /* ControlsViewController.swift */ = {isa = PBXFileReference; lastKnownFileType = sourcecode.swift; path = ControlsViewController.swift; sourceTree = "<group>"; };
		B89F57241F71F6DE0087A1F9 /* Haptics.swift */ = {isa = PBXFileReference; lastKnownFileType = sourcecode.swift; path = Haptics.swift; sourceTree = "<group>"; };
		B8D5B90F1E7D8D6500D303E4 /* Bit Hockey (iOS).app */ = {isa = PBXFileReference; explicitFileType = wrapper.application; includeInIndex = 0; path = "Bit Hockey (iOS).app"; sourceTree = BUILT_PRODUCTS_DIR; };
		B8D5B9121E7D8D6500D303E4 /* AppDelegate.swift */ = {isa = PBXFileReference; lastKnownFileType = sourcecode.swift; path = AppDelegate.swift; sourceTree = "<group>"; };
		B8D5B91A1E7D8D6500D303E4 /* GameViewController.swift */ = {isa = PBXFileReference; lastKnownFileType = sourcecode.swift; path = GameViewController.swift; sourceTree = "<group>"; };
		B8D5B91D1E7D8D6500D303E4 /* Base */ = {isa = PBXFileReference; lastKnownFileType = file.storyboard; name = Base; path = Base.lproj/Main.storyboard; sourceTree = "<group>"; };
		B8D5B91F1E7D8D6500D303E4 /* Assets.xcassets */ = {isa = PBXFileReference; lastKnownFileType = folder.assetcatalog; name = Assets.xcassets; path = "../Hockey Game/Assets.xcassets"; sourceTree = "<group>"; };
		B8D5B9221E7D8D6500D303E4 /* Base */ = {isa = PBXFileReference; lastKnownFileType = file.storyboard; name = Base; path = Base.lproj/LaunchScreen.storyboard; sourceTree = "<group>"; };
		B8D5B9241E7D8D6500D303E4 /* Info.plist */ = {isa = PBXFileReference; lastKnownFileType = text.plist.xml; path = Info.plist; sourceTree = "<group>"; };
		B8D5B9491E7D8DF800D303E4 /* SwitchPlayerButton.swift */ = {isa = PBXFileReference; fileEncoding = 4; lastKnownFileType = sourcecode.swift; path = SwitchPlayerButton.swift; sourceTree = "<group>"; };
		B8D5B94A1E7D8DF800D303E4 /* Joystick.swift */ = {isa = PBXFileReference; fileEncoding = 4; lastKnownFileType = sourcecode.swift; path = Joystick.swift; sourceTree = "<group>"; };
		B8D5B9581E7D8E7400D303E4 /* puckHitBoards.m4a */ = {isa = PBXFileReference; lastKnownFileType = file; path = puckHitBoards.m4a; sourceTree = "<group>"; };
		B8DB05321E93D52D000FFFF4 /* GameOverPresentation.swift */ = {isa = PBXFileReference; fileEncoding = 4; lastKnownFileType = sourcecode.swift; path = GameOverPresentation.swift; sourceTree = "<group>"; };
		B8E032721E92EB53004F718E /* Bit Hockey.app */ = {isa = PBXFileReference; explicitFileType = wrapper.application; includeInIndex = 0; path = "Bit Hockey.app"; sourceTree = BUILT_PRODUCTS_DIR; };
		B8E032741E92EB53004F718E /* AppDelegate.swift */ = {isa = PBXFileReference; lastKnownFileType = sourcecode.swift; path = AppDelegate.swift; sourceTree = "<group>"; };
		B8E0327C1E92EB53004F718E /* ViewController.swift */ = {isa = PBXFileReference; lastKnownFileType = sourcecode.swift; path = ViewController.swift; sourceTree = "<group>"; };
		B8E032811E92EB54004F718E /* Base */ = {isa = PBXFileReference; lastKnownFileType = file.storyboard; name = Base; path = Base.lproj/Main.storyboard; sourceTree = "<group>"; };
		B8E032831E92EB54004F718E /* Info.plist */ = {isa = PBXFileReference; lastKnownFileType = text.plist.xml; path = Info.plist; sourceTree = "<group>"; };
		B8E0328B1E92EB91004F718E /* BehaviorType.swift */ = {isa = PBXFileReference; fileEncoding = 4; lastKnownFileType = sourcecode.swift; path = BehaviorType.swift; sourceTree = "<group>"; };
		B8E0328C1E92EB91004F718E /* MoveComponent.swift */ = {isa = PBXFileReference; fileEncoding = 4; lastKnownFileType = sourcecode.swift; path = MoveComponent.swift; sourceTree = "<group>"; };
		B8E0328D1E92EB91004F718E /* NetComponent.swift */ = {isa = PBXFileReference; fileEncoding = 4; lastKnownFileType = sourcecode.swift; path = NetComponent.swift; sourceTree = "<group>"; };
		B8E0328E1E92EB91004F718E /* PlayerComponent.swift */ = {isa = PBXFileReference; fileEncoding = 4; lastKnownFileType = sourcecode.swift; path = PlayerComponent.swift; sourceTree = "<group>"; };
		B8E0328F1E92EB91004F718E /* PuckComponent.swift */ = {isa = PBXFileReference; fileEncoding = 4; lastKnownFileType = sourcecode.swift; path = PuckComponent.swift; sourceTree = "<group>"; };
		B8E032901E92EB91004F718E /* UserComponent.swift */ = {isa = PBXFileReference; fileEncoding = 4; lastKnownFileType = sourcecode.swift; name = UserComponent.swift; path = Components/UserComponent.swift; sourceTree = "<group>"; };
		B8E032921E92EB91004F718E /* Net.swift */ = {isa = PBXFileReference; fileEncoding = 4; lastKnownFileType = sourcecode.swift; path = Net.swift; sourceTree = "<group>"; };
		B8E032931E92EB91004F718E /* Player.swift */ = {isa = PBXFileReference; fileEncoding = 4; lastKnownFileType = sourcecode.swift; path = Player.swift; sourceTree = "<group>"; };
		B8E032941E92EB91004F718E /* Puck.swift */ = {isa = PBXFileReference; fileEncoding = 4; lastKnownFileType = sourcecode.swift; path = Puck.swift; sourceTree = "<group>"; };
		B8E032951E92EB91004F718E /* GameView.swift */ = {isa = PBXFileReference; fileEncoding = 4; lastKnownFileType = sourcecode.swift; path = GameView.swift; sourceTree = "<group>"; };
		B8E032961E92EB91004F718E /* GoalPresentation.swift */ = {isa = PBXFileReference; fileEncoding = 4; lastKnownFileType = sourcecode.swift; path = GoalPresentation.swift; sourceTree = "<group>"; };
		B8E032981E92EB91004F718E /* PlayerTextures.swift */ = {isa = PBXFileReference; fileEncoding = 4; lastKnownFileType = sourcecode.swift; path = PlayerTextures.swift; sourceTree = "<group>"; };
		B8E032991E92EB91004F718E /* SoundEffectPlayer.swift */ = {isa = PBXFileReference; fileEncoding = 4; lastKnownFileType = sourcecode.swift; path = SoundEffectPlayer.swift; sourceTree = "<group>"; };
		B8E0329A1E92EB91004F718E /* Rink.swift */ = {isa = PBXFileReference; fileEncoding = 4; lastKnownFileType = sourcecode.swift; path = Rink.swift; sourceTree = "<group>"; };
		B8E0329B1E92EB91004F718E /* Score.swift */ = {isa = PBXFileReference; fileEncoding = 4; lastKnownFileType = sourcecode.swift; path = Score.swift; sourceTree = "<group>"; };
		B8E0329C1E92EB91004F718E /* Scoreboard.swift */ = {isa = PBXFileReference; fileEncoding = 4; lastKnownFileType = sourcecode.swift; path = Scoreboard.swift; sourceTree = "<group>"; };
		B8F585C61F5212D900FCF981 /* krunch_italic.ttf */ = {isa = PBXFileReference; lastKnownFileType = file; path = krunch_italic.ttf; sourceTree = "<group>"; };
		B8F585C71F5212D900FCF981 /* krunch_bold.ttf */ = {isa = PBXFileReference; lastKnownFileType = file; path = krunch_bold.ttf; sourceTree = "<group>"; };
		C50C92481FD596F9AFBD5E9B /* Pods-bitHockey.release.xcconfig */ = {isa = PBXFileReference; includeInIndex = 1; lastKnownFileType = text.xcconfig; name = "Pods-bitHockey.release.xcconfig"; path = "Pods/Target Support Files/Pods-bitHockey/Pods-bitHockey.release.xcconfig"; sourceTree = "<group>"; };
		FBF416AC12B6263A73A6A57B /* Pods-bitHockey Touch.release.xcconfig */ = {isa = PBXFileReference; includeInIndex = 1; lastKnownFileType = text.xcconfig; name = "Pods-bitHockey Touch.release.xcconfig"; path = "Pods/Target Support Files/Pods-bitHockey Touch/Pods-bitHockey Touch.release.xcconfig"; sourceTree = "<group>"; };
/* End PBXFileReference section */

/* Begin PBXFrameworksBuildPhase section */
		B8D5B90C1E7D8D6500D303E4 /* Frameworks */ = {
			isa = PBXFrameworksBuildPhase;
			buildActionMask = 2147483647;
			files = (
				25B55C5E365D80F1B94FFEF2 /* Pods_bitHockey_Touch.framework in Frameworks */,
			);
			runOnlyForDeploymentPostprocessing = 0;
		};
		B8E0326F1E92EB53004F718E /* Frameworks */ = {
			isa = PBXFrameworksBuildPhase;
			buildActionMask = 2147483647;
			files = (
				0B02393048F0BFF96D8227DF /* Pods_bitHockey.framework in Frameworks */,
			);
			runOnlyForDeploymentPostprocessing = 0;
		};
/* End PBXFrameworksBuildPhase section */

/* Begin PBXGroup section */
		126861D3EBE23578F02B3E2D /* Frameworks */ = {
			isa = PBXGroup;
			children = (
				3130AA2B081CF1B826D178C8 /* Pods_Hockey_Game__iOS_.framework */,
				03902A571D70F1C30A6BE4AD /* Pods_Hockey_Game__macOS_.framework */,
				67D01D20EE23917EA1BD5416 /* Pods_bitHockey.framework */,
				3973D7B2903160416924C73A /* Pods_bitHockey_Touch.framework */,
			);
			name = Frameworks;
			sourceTree = "<group>";
		};
		2A5AFE16A9AE67C742409894 /* Pods */ = {
			isa = PBXGroup;
			children = (
				44CDCE10F61839979BDE8756 /* Pods-bitHockey.debug.xcconfig */,
				C50C92481FD596F9AFBD5E9B /* Pods-bitHockey.release.xcconfig */,
				06784FF0AEA17A79AAEBDC61 /* Pods-bitHockey Touch.debug.xcconfig */,
				FBF416AC12B6263A73A6A57B /* Pods-bitHockey Touch.release.xcconfig */,
			);
			name = Pods;
			sourceTree = "<group>";
		};
		B81A7C581EC0F0270018D737 /* Fonts */ = {
			isa = PBXGroup;
			children = (
				B81A7C621EC235390018D737 /* Rubik-Regular.ttf */,
				B8F585C81F5212E000FCF981 /* Title */,
			);
			name = Fonts;
			sourceTree = "<group>";
		};
		B81A7C651EC2379C0018D737 /* Menu */ = {
			isa = PBXGroup;
			children = (
				B81A7C5C1EC0F20F0018D737 /* MenuViewController.swift */,
				B81A7C5F1EC1F2000018D737 /* ControlsView.swift */,
			);
			name = Menu;
			sourceTree = "<group>";
		};
		B81A7C661EC237A40018D737 /* Game */ = {
			isa = PBXGroup;
			children = (
				B8E0327C1E92EB53004F718E /* ViewController.swift */,
				B8E032901E92EB91004F718E /* UserComponent.swift */,
			);
			name = Game;
			sourceTree = "<group>";
		};
		B81A7C671EC35AAC0018D737 /* TouchBars */ = {
			isa = PBXGroup;
			children = (
				B81A7C681EC35ADC0018D737 /* MenuTouchBar.swift */,
				B81A7C6E1EC79E2D0018D737 /* LoadingTouchBar.swift */,
			);
			name = TouchBars;
			sourceTree = "<group>";
		};
		B89F57231F71F2D50087A1F9 /* Interface */ = {
			isa = PBXGroup;
			children = (
				B87F21391F6EC35D00B956F6 /* HomeViewController.swift */,
				B8D5B91A1E7D8D6500D303E4 /* GameViewController.swift */,
				B86E7B8C1F714F4D00C487FA /* PauseMenuViewController.swift */,
				B89F57211F71F2D00087A1F9 /* ControlsViewController.swift */,
			);
			name = Interface;
			sourceTree = "<group>";
		};
		B8D5B9061E7D8D6500D303E4 = {
			isa = PBXGroup;
			children = (
				B8E032881E92EB7B004F718E /* Shared */,
				B8D5B9111E7D8D6500D303E4 /* iOS */,
				B8E032731E92EB53004F718E /* macOS */,
				B8D5B9101E7D8D6500D303E4 /* Products */,
				2A5AFE16A9AE67C742409894 /* Pods */,
				126861D3EBE23578F02B3E2D /* Frameworks */,
			);
			sourceTree = "<group>";
		};
		B8D5B9101E7D8D6500D303E4 /* Products */ = {
			isa = PBXGroup;
			children = (
				B8D5B90F1E7D8D6500D303E4 /* Bit Hockey (iOS).app */,
				B8E032721E92EB53004F718E /* Bit Hockey.app */,
			);
			name = Products;
			sourceTree = "<group>";
		};
		B8D5B9111E7D8D6500D303E4 /* iOS */ = {
			isa = PBXGroup;
			children = (
				B8D5B9121E7D8D6500D303E4 /* AppDelegate.swift */,
				B89F57241F71F6DE0087A1F9 /* Haptics.swift */,
				B89F57231F71F2D50087A1F9 /* Interface */,
				B83D0A7E1E86D1AC0036E5BD /* UserComponent.swift */,
				B8D5B9571E7D8E1500D303E4 /* Controls */,
				B8D5B91C1E7D8D6500D303E4 /* Main.storyboard */,
				B8D5B95A1E7D8E7800D303E4 /* Sounds */,
				B8D5B9211E7D8D6500D303E4 /* LaunchScreen.storyboard */,
				B8D5B9241E7D8D6500D303E4 /* Info.plist */,
			);
			name = iOS;
			path = "Hockey Game";
			sourceTree = "<group>";
		};
		B8D5B9571E7D8E1500D303E4 /* Controls */ = {
			isa = PBXGroup;
			children = (
				B8D5B9491E7D8DF800D303E4 /* SwitchPlayerButton.swift */,
				B8D5B94A1E7D8DF800D303E4 /* Joystick.swift */,
			);
			name = Controls;
			sourceTree = "<group>";
		};
		B8D5B95A1E7D8E7800D303E4 /* Sounds */ = {
			isa = PBXGroup;
			children = (
				B8D5B9581E7D8E7400D303E4 /* puckHitBoards.m4a */,
			);
			name = Sounds;
			sourceTree = "<group>";
		};
		B8DB05311E93D515000FFFF4 /* EventPresentations */ = {
			isa = PBXGroup;
			children = (
				B8E032961E92EB91004F718E /* GoalPresentation.swift */,
				B8DB05321E93D52D000FFFF4 /* GameOverPresentation.swift */,
			);
			name = EventPresentations;
			sourceTree = "<group>";
		};
		B8E032731E92EB53004F718E /* macOS */ = {
			isa = PBXGroup;
			children = (
				B8E032741E92EB53004F718E /* AppDelegate.swift */,
				B81A7C6B1EC35FA30018D737 /* WindowController.swift */,
				B81A7C671EC35AAC0018D737 /* TouchBars */,
				B81A7C651EC2379C0018D737 /* Menu */,
				B81A7C661EC237A40018D737 /* Game */,
				B8E032801E92EB54004F718E /* Main.storyboard */,
				B8E032831E92EB54004F718E /* Info.plist */,
			);
			name = macOS;
			path = HockeyGame;
			sourceTree = "<group>";
		};
		B8E032881E92EB7B004F718E /* Shared */ = {
			isa = PBXGroup;
			children = (
				B8D5B91F1E7D8D6500D303E4 /* Assets.xcassets */,
				B81A7C581EC0F0270018D737 /* Fonts */,
				B8E032911E92EB91004F718E /* Entities */,
				B8E032891E92EB91004F718E /* Components */,
				B8E032951E92EB91004F718E /* GameView.swift */,
				B8DB05311E93D515000FFFF4 /* EventPresentations */,
				B8E032971E92EB91004F718E /* ResourceHelpers */,
				B8E0329A1E92EB91004F718E /* Rink.swift */,
				B8E0329B1E92EB91004F718E /* Score.swift */,
				B8E0329C1E92EB91004F718E /* Scoreboard.swift */,
			);
			name = Shared;
			path = HockeyGame;
			sourceTree = "<group>";
		};
		B8E032891E92EB91004F718E /* Components */ = {
			isa = PBXGroup;
			children = (
				B8E0328A1E92EB91004F718E /* MoveComponent */,
				B8E0328D1E92EB91004F718E /* NetComponent.swift */,
				B8E0328E1E92EB91004F718E /* PlayerComponent.swift */,
				B8E0328F1E92EB91004F718E /* PuckComponent.swift */,
			);
			path = Components;
			sourceTree = "<group>";
		};
		B8E0328A1E92EB91004F718E /* MoveComponent */ = {
			isa = PBXGroup;
			children = (
				B8E0328B1E92EB91004F718E /* BehaviorType.swift */,
				B8E0328C1E92EB91004F718E /* MoveComponent.swift */,
			);
			path = MoveComponent;
			sourceTree = "<group>";
		};
		B8E032911E92EB91004F718E /* Entities */ = {
			isa = PBXGroup;
			children = (
				B8E032921E92EB91004F718E /* Net.swift */,
				B8E032931E92EB91004F718E /* Player.swift */,
				B8E032941E92EB91004F718E /* Puck.swift */,
			);
			path = Entities;
			sourceTree = "<group>";
		};
		B8E032971E92EB91004F718E /* ResourceHelpers */ = {
			isa = PBXGroup;
			children = (
				B8E032981E92EB91004F718E /* PlayerTextures.swift */,
				B8E032991E92EB91004F718E /* SoundEffectPlayer.swift */,
			);
			path = ResourceHelpers;
			sourceTree = "<group>";
		};
		B8F585C81F5212E000FCF981 /* Title */ = {
			isa = PBXGroup;
			children = (
				B8F585C61F5212D900FCF981 /* krunch_italic.ttf */,
				B8F585C71F5212D900FCF981 /* krunch_bold.ttf */,
			);
			path = Title;
			sourceTree = "<group>";
		};
/* End PBXGroup section */

/* Begin PBXNativeTarget section */
		B8D5B90E1E7D8D6500D303E4 /* Bit Hockey (iOS) */ = {
			isa = PBXNativeTarget;
			buildConfigurationList = B8D5B93D1E7D8D6500D303E4 /* Build configuration list for PBXNativeTarget "Bit Hockey (iOS)" */;
			buildPhases = (
				7694F53B65958BDD050527C7 /* [CP] Check Pods Manifest.lock */,
				B8D5B90B1E7D8D6500D303E4 /* Sources */,
				B8D5B90C1E7D8D6500D303E4 /* Frameworks */,
				B8D5B90D1E7D8D6500D303E4 /* Resources */,
				2085FF3093EBC56E7E64BFAD /* [CP] Embed Pods Frameworks */,
				AB8709594DC3DF2FDDEDFF40 /* [CP] Copy Pods Resources */,
			);
			buildRules = (
			);
			dependencies = (
			);
			name = "Bit Hockey (iOS)";
			productName = "Hockey Game";
			productReference = B8D5B90F1E7D8D6500D303E4 /* Bit Hockey (iOS).app */;
			productType = "com.apple.product-type.application";
		};
		B8E032711E92EB53004F718E /* Bit Hockey */ = {
			isa = PBXNativeTarget;
			buildConfigurationList = B8E032861E92EB54004F718E /* Build configuration list for PBXNativeTarget "Bit Hockey" */;
			buildPhases = (
				11A72791BAA5E1E6CBB311B0 /* [CP] Check Pods Manifest.lock */,
				B8E0326E1E92EB53004F718E /* Sources */,
				B8E0326F1E92EB53004F718E /* Frameworks */,
				B8E032701E92EB53004F718E /* Resources */,
				E43335E7F3D004080DE5FF11 /* [CP] Embed Pods Frameworks */,
				7436B1C289BE88E4953596E4 /* [CP] Copy Pods Resources */,
			);
			buildRules = (
			);
			dependencies = (
			);
			name = "Bit Hockey";
			productName = HockeyGame;
			productReference = B8E032721E92EB53004F718E /* Bit Hockey.app */;
			productType = "com.apple.product-type.application";
		};
/* End PBXNativeTarget section */

/* Begin PBXProject section */
		B8D5B9071E7D8D6500D303E4 /* Project object */ = {
			isa = PBXProject;
			attributes = {
				LastSwiftUpdateCheck = 0830;
				LastUpgradeCheck = 0900;
				ORGANIZATIONNAME = "Collin DeWaters";
				TargetAttributes = {
					B8D5B90E1E7D8D6500D303E4 = {
						CreatedOnToolsVersion = 8.3;
						DevelopmentTeam = AP48SCT3J2;
						LastSwiftMigration = 0900;
						ProvisioningStyle = Automatic;
					};
					B8E032711E92EB53004F718E = {
						CreatedOnToolsVersion = 8.3;
						DevelopmentTeam = AP48SCT3J2;
						LastSwiftMigration = 0900;
						ProvisioningStyle = Automatic;
					};
				};
			};
			buildConfigurationList = B8D5B90A1E7D8D6500D303E4 /* Build configuration list for PBXProject "Hockey Game" */;
			compatibilityVersion = "Xcode 3.2";
			developmentRegion = English;
			hasScannedForEncodings = 0;
			knownRegions = (
				en,
				Base,
			);
			mainGroup = B8D5B9061E7D8D6500D303E4;
			productRefGroup = B8D5B9101E7D8D6500D303E4 /* Products */;
			projectDirPath = "";
			projectRoot = "";
			targets = (
				B8D5B90E1E7D8D6500D303E4 /* Bit Hockey (iOS) */,
				B8E032711E92EB53004F718E /* Bit Hockey */,
			);
		};
/* End PBXProject section */

/* Begin PBXResourcesBuildPhase section */
		B8D5B90D1E7D8D6500D303E4 /* Resources */ = {
			isa = PBXResourcesBuildPhase;
			buildActionMask = 2147483647;
			files = (
				B8D5B9591E7D8E7400D303E4 /* puckHitBoards.m4a in Resources */,
				B81A7C631EC235390018D737 /* Rubik-Regular.ttf in Resources */,
				B8F585C91F5214C100FCF981 /* Info.plist in Resources */,
				B8F585CB1F52157A00FCF981 /* krunch_italic.ttf in Resources */,
				B8D5B91E1E7D8D6500D303E4 /* Main.storyboard in Resources */,
				B8D5B9201E7D8D6500D303E4 /* Assets.xcassets in Resources */,
				B8F585CC1F52157A00FCF981 /* krunch_bold.ttf in Resources */,
				B8D5B9231E7D8D6500D303E4 /* LaunchScreen.storyboard in Resources */,
			);
			runOnlyForDeploymentPostprocessing = 0;
		};
		B8E032701E92EB53004F718E /* Resources */ = {
			isa = PBXResourcesBuildPhase;
			buildActionMask = 2147483647;
			files = (
				B8F585CD1F52157A00FCF981 /* krunch_italic.ttf in Resources */,
				B8F585CA1F5214C900FCF981 /* Info.plist in Resources */,
				B81A7C641EC235390018D737 /* Rubik-Regular.ttf in Resources */,
				B8AB0BA01E92F8C600B4C356 /* Assets.xcassets in Resources */,
				B8F585CE1F52157A00FCF981 /* krunch_bold.ttf in Resources */,
				B8E032821E92EB54004F718E /* Main.storyboard in Resources */,
			);
			runOnlyForDeploymentPostprocessing = 0;
		};
/* End PBXResourcesBuildPhase section */

/* Begin PBXShellScriptBuildPhase section */
		11A72791BAA5E1E6CBB311B0 /* [CP] Check Pods Manifest.lock */ = {
			isa = PBXShellScriptBuildPhase;
			buildActionMask = 2147483647;
			files = (
			);
			inputPaths = (
			);
			name = "[CP] Check Pods Manifest.lock";
			outputPaths = (
			);
			runOnlyForDeploymentPostprocessing = 0;
			shellPath = /bin/sh;
			shellScript = "diff \"${PODS_PODFILE_DIR_PATH}/Podfile.lock\" \"${PODS_ROOT}/Manifest.lock\" > /dev/null\nif [ $? != 0 ] ; then\n    # print error to STDERR\n    echo \"error: The sandbox is not in sync with the Podfile.lock. Run 'pod install' or update your CocoaPods installation.\" >&2\n    exit 1\nfi\n";
			showEnvVarsInLog = 0;
		};
		2085FF3093EBC56E7E64BFAD /* [CP] Embed Pods Frameworks */ = {
			isa = PBXShellScriptBuildPhase;
			buildActionMask = 2147483647;
			files = (
			);
			inputPaths = (
			);
			name = "[CP] Embed Pods Frameworks";
			outputPaths = (
			);
			runOnlyForDeploymentPostprocessing = 0;
			shellPath = /bin/sh;
			shellScript = "\"${SRCROOT}/Pods/Target Support Files/Pods-bitHockey Touch/Pods-bitHockey Touch-frameworks.sh\"\n";
			showEnvVarsInLog = 0;
		};
		7436B1C289BE88E4953596E4 /* [CP] Copy Pods Resources */ = {
			isa = PBXShellScriptBuildPhase;
			buildActionMask = 2147483647;
			files = (
			);
			inputPaths = (
			);
			name = "[CP] Copy Pods Resources";
			outputPaths = (
			);
			runOnlyForDeploymentPostprocessing = 0;
			shellPath = /bin/sh;
			shellScript = "\"${SRCROOT}/Pods/Target Support Files/Pods-bitHockey/Pods-bitHockey-resources.sh\"\n";
			showEnvVarsInLog = 0;
		};
		7694F53B65958BDD050527C7 /* [CP] Check Pods Manifest.lock */ = {
			isa = PBXShellScriptBuildPhase;
			buildActionMask = 2147483647;
			files = (
			);
			inputPaths = (
			);
			name = "[CP] Check Pods Manifest.lock";
			outputPaths = (
			);
			runOnlyForDeploymentPostprocessing = 0;
			shellPath = /bin/sh;
			shellScript = "diff \"${PODS_PODFILE_DIR_PATH}/Podfile.lock\" \"${PODS_ROOT}/Manifest.lock\" > /dev/null\nif [ $? != 0 ] ; then\n    # print error to STDERR\n    echo \"error: The sandbox is not in sync with the Podfile.lock. Run 'pod install' or update your CocoaPods installation.\" >&2\n    exit 1\nfi\n";
			showEnvVarsInLog = 0;
		};
		AB8709594DC3DF2FDDEDFF40 /* [CP] Copy Pods Resources */ = {
			isa = PBXShellScriptBuildPhase;
			buildActionMask = 2147483647;
			files = (
			);
			inputPaths = (
			);
			name = "[CP] Copy Pods Resources";
			outputPaths = (
			);
			runOnlyForDeploymentPostprocessing = 0;
			shellPath = /bin/sh;
			shellScript = "\"${SRCROOT}/Pods/Target Support Files/Pods-bitHockey Touch/Pods-bitHockey Touch-resources.sh\"\n";
			showEnvVarsInLog = 0;
		};
		E43335E7F3D004080DE5FF11 /* [CP] Embed Pods Frameworks */ = {
			isa = PBXShellScriptBuildPhase;
			buildActionMask = 2147483647;
			files = (
			);
			inputPaths = (
			);
			name = "[CP] Embed Pods Frameworks";
			outputPaths = (
			);
			runOnlyForDeploymentPostprocessing = 0;
			shellPath = /bin/sh;
			shellScript = "\"${SRCROOT}/Pods/Target Support Files/Pods-bitHockey/Pods-bitHockey-frameworks.sh\"\n";
			showEnvVarsInLog = 0;
		};
/* End PBXShellScriptBuildPhase section */

/* Begin PBXSourcesBuildPhase section */
		B8D5B90B1E7D8D6500D303E4 /* Sources */ = {
			isa = PBXSourcesBuildPhase;
			buildActionMask = 2147483647;
			files = (
				B8E0329D1E92EB91004F718E /* BehaviorType.swift in Sources */,
				B86E7B8D1F714F4D00C487FA /* PauseMenuViewController.swift in Sources */,
				B89F57221F71F2D00087A1F9 /* ControlsViewController.swift in Sources */,
				B83D0A7F1E86D1AC0036E5BD /* UserComponent.swift in Sources */,
				B8DB05331E93D52D000FFFF4 /* GameOverPresentation.swift in Sources */,
				B8E032A51E92EB91004F718E /* Puck.swift in Sources */,
				B8E032A01E92EB91004F718E /* PlayerComponent.swift in Sources */,
				B8E032A61E92EB91004F718E /* GameView.swift in Sources */,
				B8D5B9521E7D8DF800D303E4 /* Joystick.swift in Sources */,
				B87F213A1F6EC35D00B956F6 /* HomeViewController.swift in Sources */,
				B8E0329F1E92EB91004F718E /* NetComponent.swift in Sources */,
				B8E032A31E92EB91004F718E /* Net.swift in Sources */,
				B8E032A71E92EB91004F718E /* GoalPresentation.swift in Sources */,
				B8E032A11E92EB91004F718E /* PuckComponent.swift in Sources */,
				B8D5B91B1E7D8D6500D303E4 /* GameViewController.swift in Sources */,
				B8E032A81E92EB91004F718E /* PlayerTextures.swift in Sources */,
				B8E032A41E92EB91004F718E /* Player.swift in Sources */,
				B8D5B9511E7D8DF800D303E4 /* SwitchPlayerButton.swift in Sources */,
				B8E032AC1E92EB91004F718E /* Scoreboard.swift in Sources */,
				B8E032AA1E92EB91004F718E /* Rink.swift in Sources */,
				B8E032A91E92EB91004F718E /* SoundEffectPlayer.swift in Sources */,
				B8E0329E1E92EB91004F718E /* MoveComponent.swift in Sources */,
				B89F57251F71F6DE0087A1F9 /* Haptics.swift in Sources */,
				B8E032AB1E92EB91004F718E /* Score.swift in Sources */,
				B8D5B9131E7D8D6500D303E4 /* AppDelegate.swift in Sources */,
			);
			runOnlyForDeploymentPostprocessing = 0;
		};
		B8E0326E1E92EB53004F718E /* Sources */ = {
			isa = PBXSourcesBuildPhase;
			buildActionMask = 2147483647;
			files = (
				B8AB0B961E92EE8800B4C356 /* Player.swift in Sources */,
				B8E0327D1E92EB53004F718E /* ViewController.swift in Sources */,
				B8AB0B951E92EE8800B4C356 /* Net.swift in Sources */,
				B81A7C6A1EC35ADC0018D737 /* MenuTouchBar.swift in Sources */,
				B8AB0B901E92EE8800B4C356 /* MoveComponent.swift in Sources */,
				B8AB0B9A1E92EE8800B4C356 /* PlayerTextures.swift in Sources */,
				B81A7C6D1EC35FA30018D737 /* WindowController.swift in Sources */,
				B81A7C701EC79E2D0018D737 /* LoadingTouchBar.swift in Sources */,
				B8AB0B921E92EE8800B4C356 /* PlayerComponent.swift in Sources */,
				B8AB0B991E92EE8800B4C356 /* GoalPresentation.swift in Sources */,
				B81A7C611EC1F2000018D737 /* ControlsView.swift in Sources */,
				B8AB0B931E92EE8800B4C356 /* PuckComponent.swift in Sources */,
				B8AB0B941E92EE8800B4C356 /* UserComponent.swift in Sources */,
				B8AB0B971E92EE8800B4C356 /* Puck.swift in Sources */,
				B8E032751E92EB53004F718E /* AppDelegate.swift in Sources */,
				B8AB0B8F1E92EE8800B4C356 /* BehaviorType.swift in Sources */,
				B8AB0B9C1E92EE8800B4C356 /* Rink.swift in Sources */,
				B81A7C5E1EC0F20F0018D737 /* MenuViewController.swift in Sources */,
				B8AB0B9E1E92EE8800B4C356 /* Scoreboard.swift in Sources */,
				B8AB0B981E92EE8800B4C356 /* GameView.swift in Sources */,
				B8AB0B9D1E92EE8800B4C356 /* Score.swift in Sources */,
				B8AB0B911E92EE8800B4C356 /* NetComponent.swift in Sources */,
			);
			runOnlyForDeploymentPostprocessing = 0;
		};
/* End PBXSourcesBuildPhase section */

/* Begin PBXVariantGroup section */
		B8D5B91C1E7D8D6500D303E4 /* Main.storyboard */ = {
			isa = PBXVariantGroup;
			children = (
				B8D5B91D1E7D8D6500D303E4 /* Base */,
			);
			name = Main.storyboard;
			sourceTree = "<group>";
		};
		B8D5B9211E7D8D6500D303E4 /* LaunchScreen.storyboard */ = {
			isa = PBXVariantGroup;
			children = (
				B8D5B9221E7D8D6500D303E4 /* Base */,
			);
			name = LaunchScreen.storyboard;
			sourceTree = "<group>";
		};
		B8E032801E92EB54004F718E /* Main.storyboard */ = {
			isa = PBXVariantGroup;
			children = (
				B8E032811E92EB54004F718E /* Base */,
			);
			name = Main.storyboard;
			sourceTree = "<group>";
		};
/* End PBXVariantGroup section */

/* Begin XCBuildConfiguration section */
		B8D5B93B1E7D8D6500D303E4 /* Debug */ = {
			isa = XCBuildConfiguration;
			buildSettings = {
				ALWAYS_SEARCH_USER_PATHS = NO;
				CLANG_ANALYZER_NONNULL = YES;
				CLANG_ANALYZER_NUMBER_OBJECT_CONVERSION = YES_AGGRESSIVE;
				CLANG_CXX_LANGUAGE_STANDARD = "gnu++0x";
				CLANG_CXX_LIBRARY = "libc++";
				CLANG_ENABLE_MODULES = YES;
				CLANG_ENABLE_OBJC_ARC = YES;
				CLANG_WARN_BLOCK_CAPTURE_AUTORELEASING = YES;
				CLANG_WARN_BOOL_CONVERSION = YES;
				CLANG_WARN_COMMA = YES;
				CLANG_WARN_CONSTANT_CONVERSION = YES;
				CLANG_WARN_DIRECT_OBJC_ISA_USAGE = YES_ERROR;
				CLANG_WARN_DOCUMENTATION_COMMENTS = YES;
				CLANG_WARN_EMPTY_BODY = YES;
				CLANG_WARN_ENUM_CONVERSION = YES;
				CLANG_WARN_INFINITE_RECURSION = YES;
				CLANG_WARN_INT_CONVERSION = YES;
				CLANG_WARN_NON_LITERAL_NULL_CONVERSION = YES;
				CLANG_WARN_OBJC_LITERAL_CONVERSION = YES;
				CLANG_WARN_OBJC_ROOT_CLASS = YES_ERROR;
				CLANG_WARN_RANGE_LOOP_ANALYSIS = YES;
				CLANG_WARN_STRICT_PROTOTYPES = YES;
				CLANG_WARN_SUSPICIOUS_MOVE = YES;
				CLANG_WARN_UNREACHABLE_CODE = YES;
				CLANG_WARN__DUPLICATE_METHOD_MATCH = YES;
				"CODE_SIGN_IDENTITY[sdk=iphoneos*]" = "iPhone Developer";
				COPY_PHASE_STRIP = NO;
				DEBUG_INFORMATION_FORMAT = dwarf;
				ENABLE_STRICT_OBJC_MSGSEND = YES;
				ENABLE_TESTABILITY = YES;
				GCC_C_LANGUAGE_STANDARD = gnu99;
				GCC_DYNAMIC_NO_PIC = NO;
				GCC_NO_COMMON_BLOCKS = YES;
				GCC_OPTIMIZATION_LEVEL = 0;
				GCC_PREPROCESSOR_DEFINITIONS = (
					"DEBUG=1",
					"$(inherited)",
				);
				GCC_WARN_64_TO_32_BIT_CONVERSION = YES;
				GCC_WARN_ABOUT_RETURN_TYPE = YES_ERROR;
				GCC_WARN_UNDECLARED_SELECTOR = YES;
				GCC_WARN_UNINITIALIZED_AUTOS = YES_AGGRESSIVE;
				GCC_WARN_UNUSED_FUNCTION = YES;
				GCC_WARN_UNUSED_VARIABLE = YES;
				IPHONEOS_DEPLOYMENT_TARGET = 10.3;
				MTL_ENABLE_DEBUG_INFO = YES;
				ONLY_ACTIVE_ARCH = YES;
				SDKROOT = iphoneos;
				SWIFT_ACTIVE_COMPILATION_CONDITIONS = DEBUG;
				SWIFT_OPTIMIZATION_LEVEL = "-Onone";
				TARGETED_DEVICE_FAMILY = "1,2";
			};
			name = Debug;
		};
		B8D5B93C1E7D8D6500D303E4 /* Release */ = {
			isa = XCBuildConfiguration;
			buildSettings = {
				ALWAYS_SEARCH_USER_PATHS = NO;
				CLANG_ANALYZER_NONNULL = YES;
				CLANG_ANALYZER_NUMBER_OBJECT_CONVERSION = YES_AGGRESSIVE;
				CLANG_CXX_LANGUAGE_STANDARD = "gnu++0x";
				CLANG_CXX_LIBRARY = "libc++";
				CLANG_ENABLE_MODULES = YES;
				CLANG_ENABLE_OBJC_ARC = YES;
				CLANG_WARN_BLOCK_CAPTURE_AUTORELEASING = YES;
				CLANG_WARN_BOOL_CONVERSION = YES;
				CLANG_WARN_COMMA = YES;
				CLANG_WARN_CONSTANT_CONVERSION = YES;
				CLANG_WARN_DIRECT_OBJC_ISA_USAGE = YES_ERROR;
				CLANG_WARN_DOCUMENTATION_COMMENTS = YES;
				CLANG_WARN_EMPTY_BODY = YES;
				CLANG_WARN_ENUM_CONVERSION = YES;
				CLANG_WARN_INFINITE_RECURSION = YES;
				CLANG_WARN_INT_CONVERSION = YES;
				CLANG_WARN_NON_LITERAL_NULL_CONVERSION = YES;
				CLANG_WARN_OBJC_LITERAL_CONVERSION = YES;
				CLANG_WARN_OBJC_ROOT_CLASS = YES_ERROR;
				CLANG_WARN_RANGE_LOOP_ANALYSIS = YES;
				CLANG_WARN_STRICT_PROTOTYPES = YES;
				CLANG_WARN_SUSPICIOUS_MOVE = YES;
				CLANG_WARN_UNREACHABLE_CODE = YES;
				CLANG_WARN__DUPLICATE_METHOD_MATCH = YES;
				"CODE_SIGN_IDENTITY[sdk=iphoneos*]" = "iPhone Developer";
				COPY_PHASE_STRIP = NO;
				DEBUG_INFORMATION_FORMAT = "dwarf-with-dsym";
				ENABLE_NS_ASSERTIONS = NO;
				ENABLE_STRICT_OBJC_MSGSEND = YES;
				GCC_C_LANGUAGE_STANDARD = gnu99;
				GCC_NO_COMMON_BLOCKS = YES;
				GCC_WARN_64_TO_32_BIT_CONVERSION = YES;
				GCC_WARN_ABOUT_RETURN_TYPE = YES_ERROR;
				GCC_WARN_UNDECLARED_SELECTOR = YES;
				GCC_WARN_UNINITIALIZED_AUTOS = YES_AGGRESSIVE;
				GCC_WARN_UNUSED_FUNCTION = YES;
				GCC_WARN_UNUSED_VARIABLE = YES;
				IPHONEOS_DEPLOYMENT_TARGET = 10.3;
				MTL_ENABLE_DEBUG_INFO = NO;
				SDKROOT = iphoneos;
				SWIFT_OPTIMIZATION_LEVEL = "-Owholemodule";
				TARGETED_DEVICE_FAMILY = "1,2";
				VALIDATE_PRODUCT = YES;
			};
			name = Release;
		};
		B8D5B93E1E7D8D6500D303E4 /* Debug */ = {
			isa = XCBuildConfiguration;
			baseConfigurationReference = 06784FF0AEA17A79AAEBDC61 /* Pods-bitHockey Touch.debug.xcconfig */;
			buildSettings = {
				ASSETCATALOG_COMPILER_APPICON_NAME = iOSAppIcon;
				DEVELOPMENT_TEAM = AP48SCT3J2;
				INFOPLIST_FILE = "Hockey Game/Info.plist";
				IPHONEOS_DEPLOYMENT_TARGET = 10.3;
				LD_RUNPATH_SEARCH_PATHS = "$(inherited) @executable_path/Frameworks";
				PRODUCT_BUNDLE_IDENTIFIER = "com.CollinDeWaters.Hockey-Game";
				PRODUCT_NAME = "$(TARGET_NAME)";
				SWIFT_SWIFT3_OBJC_INFERENCE = On;
				SWIFT_VERSION = 4.0;
			};
			name = Debug;
		};
		B8D5B93F1E7D8D6500D303E4 /* Release */ = {
			isa = XCBuildConfiguration;
			baseConfigurationReference = FBF416AC12B6263A73A6A57B /* Pods-bitHockey Touch.release.xcconfig */;
			buildSettings = {
				ASSETCATALOG_COMPILER_APPICON_NAME = iOSAppIcon;
				DEVELOPMENT_TEAM = AP48SCT3J2;
				INFOPLIST_FILE = "Hockey Game/Info.plist";
				IPHONEOS_DEPLOYMENT_TARGET = 10.3;
				LD_RUNPATH_SEARCH_PATHS = "$(inherited) @executable_path/Frameworks";
				PRODUCT_BUNDLE_IDENTIFIER = "com.CollinDeWaters.Hockey-Game";
				PRODUCT_NAME = "$(TARGET_NAME)";
				SWIFT_SWIFT3_OBJC_INFERENCE = On;
				SWIFT_VERSION = 4.0;
			};
			name = Release;
		};
		B8E032841E92EB54004F718E /* Debug */ = {
			isa = XCBuildConfiguration;
			baseConfigurationReference = 44CDCE10F61839979BDE8756 /* Pods-bitHockey.debug.xcconfig */;
			buildSettings = {
				ASSETCATALOG_COMPILER_APPICON_NAME = macAppIcon;
				CODE_SIGN_IDENTITY = "Mac Developer";
				COMBINE_HIDPI_IMAGES = YES;
				DEVELOPMENT_TEAM = "";
				INFOPLIST_FILE = HockeyGame/Info.plist;
				LD_RUNPATH_SEARCH_PATHS = "$(inherited) @executable_path/../Frameworks";
				MACOSX_DEPLOYMENT_TARGET = 10.12;
				PRODUCT_BUNDLE_IDENTIFIER = com.CollinDeWaters.HockeyGame;
				PRODUCT_NAME = "$(TARGET_NAME)";
				PROVISIONING_PROFILE_SPECIFIER = "";
				SDKROOT = macosx;
				SWIFT_SWIFT3_OBJC_INFERENCE = On;
				SWIFT_VERSION = 4.0;
			};
			name = Debug;
		};
		B8E032851E92EB54004F718E /* Release */ = {
			isa = XCBuildConfiguration;
			baseConfigurationReference = C50C92481FD596F9AFBD5E9B /* Pods-bitHockey.release.xcconfig */;
			buildSettings = {
				ASSETCATALOG_COMPILER_APPICON_NAME = macAppIcon;
				CODE_SIGN_IDENTITY = "Mac Developer";
				COMBINE_HIDPI_IMAGES = YES;
				DEVELOPMENT_TEAM = "";
				INFOPLIST_FILE = HockeyGame/Info.plist;
				LD_RUNPATH_SEARCH_PATHS = "$(inherited) @executable_path/../Frameworks";
				MACOSX_DEPLOYMENT_TARGET = 10.12;
				PRODUCT_BUNDLE_IDENTIFIER = com.CollinDeWaters.HockeyGame;
				PRODUCT_NAME = "$(TARGET_NAME)";
				PROVISIONING_PROFILE_SPECIFIER = "";
				SDKROOT = macosx;
				SWIFT_SWIFT3_OBJC_INFERENCE = On;
				SWIFT_VERSION = 4.0;
			};
			name = Release;
		};
/* End XCBuildConfiguration section */

/* Begin XCConfigurationList section */
		B8D5B90A1E7D8D6500D303E4 /* Build configuration list for PBXProject "Hockey Game" */ = {
			isa = XCConfigurationList;
			buildConfigurations = (
				B8D5B93B1E7D8D6500D303E4 /* Debug */,
				B8D5B93C1E7D8D6500D303E4 /* Release */,
			);
			defaultConfigurationIsVisible = 0;
			defaultConfigurationName = Release;
		};
		B8D5B93D1E7D8D6500D303E4 /* Build configuration list for PBXNativeTarget "Bit Hockey (iOS)" */ = {
			isa = XCConfigurationList;
			buildConfigurations = (
				B8D5B93E1E7D8D6500D303E4 /* Debug */,
				B8D5B93F1E7D8D6500D303E4 /* Release */,
			);
			defaultConfigurationIsVisible = 0;
			defaultConfigurationName = Release;
		};
		B8E032861E92EB54004F718E /* Build configuration list for PBXNativeTarget "Bit Hockey" */ = {
			isa = XCConfigurationList;
			buildConfigurations = (
				B8E032841E92EB54004F718E /* Debug */,
				B8E032851E92EB54004F718E /* Release */,
			);
			defaultConfigurationIsVisible = 0;
			defaultConfigurationName = Release;
		};
/* End XCConfigurationList section */
	};
	rootObject = B8D5B9071E7D8D6500D303E4 /* Project object */;
}
